
Microsoft Visual Studio Solution File, Format Version 12.00
# Visual Studio 2015
Project("{FAE04EC0-301F-11D3-BF4B-00C04F79EFBC}") = "Spicy Sprockets", "Spicy Sprockets.csproj", "{2F134904-E331-CD3F-651B-02A09F2322F6}"
EndProject
Project("{FAE04EC0-301F-11D3-BF4B-00C04F79EFBC}") = "Spicy Sprockets.Editor", "Spicy Sprockets.Editor.csproj", "{D2331585-12CF-4B9A-2E13-3F11B34FBA7F}"
EndProject
Global
	GlobalSection(SolutionConfigurationPlatforms) = preSolution
		Debug|Any CPU = Debug|Any CPU
		Release|Any CPU = Release|Any CPU
	EndGlobalSection
	GlobalSection(ProjectConfigurationPlatforms) = postSolution
		{2F134904-E331-CD3F-651B-02A09F2322F6}.Debug|Any CPU.ActiveCfg = Debug|Any CPU
		{2F134904-E331-CD3F-651B-02A09F2322F6}.Debug|Any CPU.Build.0 = Debug|Any CPU
		{2F134904-E331-CD3F-651B-02A09F2322F6}.Release|Any CPU.ActiveCfg = Release|Any CPU
		{2F134904-E331-CD3F-651B-02A09F2322F6}.Release|Any CPU.Build.0 = Release|Any CPU
		{D2331585-12CF-4B9A-2E13-3F11B34FBA7F}.Debug|Any CPU.ActiveCfg = Debug|Any CPU
		{D2331585-12CF-4B9A-2E13-3F11B34FBA7F}.Debug|Any CPU.Build.0 = Debug|Any CPU
		{D2331585-12CF-4B9A-2E13-3F11B34FBA7F}.Release|Any CPU.ActiveCfg = Release|Any CPU
		{D2331585-12CF-4B9A-2E13-3F11B34FBA7F}.Release|Any CPU.Build.0 = Release|Any CPU
	EndGlobalSection
	GlobalSection(SolutionProperties) = preSolution
		HideSolutionNode = FALSE
	EndGlobalSection
EndGlobal
